#MicroXplorer Configuration settings - do not modify
ADC1.Channel-0\#ChannelRegularConversion=ADC_CHANNEL_2
ADC1.ClockPrescaler=ADC_CLOCK_ASYNC_DIV4
ADC1.IPParameters=Rank-0\#ChannelRegularConversion,Channel-0\#ChannelRegularConversion,SamplingTime-0\#ChannelRegularConversion,OffsetNumber-0\#ChannelRegularConversion,OffsetSignedSaturation-0\#ChannelRegularConversion,NbrOfConversionFlag,ClockPrescaler,master
ADC1.NbrOfConversionFlag=1
ADC1.OffsetNumber-0\#ChannelRegularConversion=ADC_OFFSET_NONE
ADC1.OffsetSignedSaturation-0\#ChannelRegularConversion=DISABLE
ADC1.Rank-0\#ChannelRegularConversion=1
ADC1.SamplingTime-0\#ChannelRegularConversion=ADC_SAMPLETIME_1CYCLE_5
ADC1.master=1
ADC2.Channel-0\#ChannelRegularConversion=ADC_CHANNEL_2
ADC2.ClockPrescaler=ADC_CLOCK_ASYNC_DIV4
ADC2.EnableAnalogWatchDog1=false
ADC2.IPParameters=Rank-0\#ChannelRegularConversion,Channel-0\#ChannelRegularConversion,SamplingTime-0\#ChannelRegularConversion,OffsetNumber-0\#ChannelRegularConversion,OffsetSignedSaturation-0\#ChannelRegularConversion,NbrOfConversionFlag,ClockPrescaler,EnableAnalogWatchDog1
ADC2.NbrOfConversionFlag=1
ADC2.OffsetNumber-0\#ChannelRegularConversion=ADC_OFFSET_NONE
ADC2.OffsetSignedSaturation-0\#ChannelRegularConversion=DISABLE
ADC2.Rank-0\#ChannelRegularConversion=1
ADC2.SamplingTime-0\#ChannelRegularConversion=ADC_SAMPLETIME_1CYCLE_5
ADC3.Channel-0\#ChannelRegularConversion=ADC_CHANNEL_4
ADC3.ClockPrescaler=ADC_CLOCK_ASYNC_DIV4
ADC3.EnableAnalogWatchDog2=false
ADC3.IPParameters=Rank-0\#ChannelRegularConversion,Channel-0\#ChannelRegularConversion,SamplingTime-0\#ChannelRegularConversion,OffsetNumber-0\#ChannelRegularConversion,OffsetSign-0\#ChannelRegularConversion,NbrOfConversionFlag,ClockPrescaler,EnableAnalogWatchDog2
ADC3.NbrOfConversionFlag=1
ADC3.OffsetNumber-0\#ChannelRegularConversion=ADC_OFFSET_NONE
ADC3.OffsetSign-0\#ChannelRegularConversion=ADC3_OFFSET_SIGN_NEGATIVE
ADC3.Rank-0\#ChannelRegularConversion=1
ADC3.SamplingTime-0\#ChannelRegularConversion=ADC3_SAMPLETIME_2CYCLES_5
CAD.formats=[]
CAD.pinconfig=Dual
CAD.provider=
CORTEX_M7.AccessPermission-Cortex_Memory_Protection_Unit_Region0_Settings=MPU_REGION_FULL_ACCESS
CORTEX_M7.AccessPermission-Cortex_Memory_Protection_Unit_Region1_Settings=MPU_REGION_FULL_ACCESS
CORTEX_M7.BaseAddress-Cortex_Memory_Protection_Unit_Region0_Settings=KLST_DISPLAY_FRAMEBUFFER_ADDRESS
CORTEX_M7.BaseAddress-Cortex_Memory_Protection_Unit_Region1_Settings=0x38000000
CORTEX_M7.CPU_DCache=Enabled
CORTEX_M7.CPU_ICache=Enabled
CORTEX_M7.DisableExec-Cortex_Memory_Protection_Unit_Region0_Settings=MPU_INSTRUCTION_ACCESS_DISABLE
CORTEX_M7.DisableExec-Cortex_Memory_Protection_Unit_Region1_Settings=MPU_INSTRUCTION_ACCESS_DISABLE
CORTEX_M7.Enable-Cortex_Memory_Protection_Unit_Region0_Settings=MPU_REGION_ENABLE
CORTEX_M7.Enable-Cortex_Memory_Protection_Unit_Region1_Settings=MPU_REGION_ENABLE
CORTEX_M7.IPParameters=MPU_Control,Enable-Cortex_Memory_Protection_Unit_Region0_Settings,Size-Cortex_Memory_Protection_Unit_Region0_Settings,AccessPermission-Cortex_Memory_Protection_Unit_Region0_Settings,IsCacheable-Cortex_Memory_Protection_Unit_Region0_Settings,BaseAddress-Cortex_Memory_Protection_Unit_Region0_Settings,IsBufferable-Cortex_Memory_Protection_Unit_Region0_Settings,IsShareable-Cortex_Memory_Protection_Unit_Region0_Settings,CPU_ICache,CPU_DCache,DisableExec-Cortex_Memory_Protection_Unit_Region0_Settings,Enable-Cortex_Memory_Protection_Unit_Region1_Settings,BaseAddress-Cortex_Memory_Protection_Unit_Region1_Settings,Size-Cortex_Memory_Protection_Unit_Region1_Settings,DisableExec-Cortex_Memory_Protection_Unit_Region1_Settings,AccessPermission-Cortex_Memory_Protection_Unit_Region1_Settings
CORTEX_M7.IsBufferable-Cortex_Memory_Protection_Unit_Region0_Settings=MPU_ACCESS_NOT_BUFFERABLE
CORTEX_M7.IsCacheable-Cortex_Memory_Protection_Unit_Region0_Settings=MPU_ACCESS_CACHEABLE
CORTEX_M7.IsShareable-Cortex_Memory_Protection_Unit_Region0_Settings=MPU_ACCESS_NOT_SHAREABLE
CORTEX_M7.MPU_Control=MPU_PRIVILEGED_DEFAULT
CORTEX_M7.Size-Cortex_Memory_Protection_Unit_Region0_Settings=MPU_REGION_SIZE_16MB
CORTEX_M7.Size-Cortex_Memory_Protection_Unit_Region1_Settings=MPU_REGION_SIZE_16KB
DAC1.DAC_Channel-DAC_OUT1=DAC_CHANNEL_1
DAC1.IPParameters=DAC_Channel-DAC_OUT1
DFSDM1.Divider=4
DFSDM1.DmaMode_reg_FIL0=ENABLE
DFSDM1.DmaMode_reg_FIL1=ENABLE
DFSDM1.FastMode_reg_FIL0=ENABLE
DFSDM1.FastMode_reg_FIL1=ENABLE
DFSDM1.Filter_regChannel_FIL0=DFSDM_CHANNEL_0
DFSDM1.Filter_regChannel_FIL1=DFSDM_CHANNEL_1
DFSDM1.Fosr_FIL0=64
DFSDM1.Fosr_FIL1=64
DFSDM1.IPParameters=Filter_regChannel_FIL0,Divider,Filter_regChannel_FIL1,Selection,Type_spi_CH0,RightBitShift_CH0,RightBitShift_CH1,SincOrder_FIL0,SincOrder_FIL1,FastMode_reg_FIL1,DmaMode_reg_FIL1,Fosr_FIL1,FastMode_reg_FIL0,DmaMode_reg_FIL0,Fosr_FIL0,Oversampling_CH0,Oversampling_CH1
DFSDM1.Oversampling_CH0=10
DFSDM1.Oversampling_CH1=10
DFSDM1.RightBitShift_CH0=0x02
DFSDM1.RightBitShift_CH1=0x02
DFSDM1.Selection=DFSDM_CHANNEL_OUTPUT_CLOCK_AUDIO
DFSDM1.SincOrder_FIL0=DFSDM_FILTER_SINC4_ORDER
DFSDM1.SincOrder_FIL1=DFSDM_FILTER_SINC4_ORDER
DFSDM1.Type_spi_CH0=DFSDM_CHANNEL_SPI_FALLING
Dma.DFSDM1_FLT0.8.Direction=DMA_PERIPH_TO_MEMORY
Dma.DFSDM1_FLT0.8.EventEnable=DISABLE
Dma.DFSDM1_FLT0.8.FIFOMode=DMA_FIFOMODE_DISABLE
Dma.DFSDM1_FLT0.8.Instance=DMA2_Stream0
Dma.DFSDM1_FLT0.8.MemDataAlignment=DMA_MDATAALIGN_WORD
Dma.DFSDM1_FLT0.8.MemInc=DMA_MINC_ENABLE
Dma.DFSDM1_FLT0.8.Mode=DMA_CIRCULAR
Dma.DFSDM1_FLT0.8.PeriphDataAlignment=DMA_PDATAALIGN_WORD
Dma.DFSDM1_FLT0.8.PeriphInc=DMA_PINC_DISABLE
Dma.DFSDM1_FLT0.8.Polarity=HAL_DMAMUX_REQ_GEN_RISING
Dma.DFSDM1_FLT0.8.Priority=DMA_PRIORITY_MEDIUM
Dma.DFSDM1_FLT0.8.RequestNumber=1
Dma.DFSDM1_FLT0.8.RequestParameters=Instance,Direction,PeriphInc,MemInc,PeriphDataAlignment,MemDataAlignment,Mode,Priority,FIFOMode,SignalID,Polarity,RequestNumber,SyncSignalID,SyncPolarity,SyncEnable,EventEnable,SyncRequestNumber
Dma.DFSDM1_FLT0.8.SignalID=NONE
Dma.DFSDM1_FLT0.8.SyncEnable=DISABLE
Dma.DFSDM1_FLT0.8.SyncPolarity=HAL_DMAMUX_SYNC_NO_EVENT
Dma.DFSDM1_FLT0.8.SyncRequestNumber=1
Dma.DFSDM1_FLT0.8.SyncSignalID=NONE
Dma.DFSDM1_FLT1.9.Direction=DMA_PERIPH_TO_MEMORY
Dma.DFSDM1_FLT1.9.EventEnable=DISABLE
Dma.DFSDM1_FLT1.9.FIFOMode=DMA_FIFOMODE_DISABLE
Dma.DFSDM1_FLT1.9.Instance=DMA2_Stream1
Dma.DFSDM1_FLT1.9.MemDataAlignment=DMA_MDATAALIGN_WORD
Dma.DFSDM1_FLT1.9.MemInc=DMA_MINC_ENABLE
Dma.DFSDM1_FLT1.9.Mode=DMA_CIRCULAR
Dma.DFSDM1_FLT1.9.PeriphDataAlignment=DMA_PDATAALIGN_WORD
Dma.DFSDM1_FLT1.9.PeriphInc=DMA_PINC_DISABLE
Dma.DFSDM1_FLT1.9.Polarity=HAL_DMAMUX_REQ_GEN_RISING
Dma.DFSDM1_FLT1.9.Priority=DMA_PRIORITY_MEDIUM
Dma.DFSDM1_FLT1.9.RequestNumber=1
Dma.DFSDM1_FLT1.9.RequestParameters=Instance,Direction,PeriphInc,MemInc,PeriphDataAlignment,MemDataAlignment,Mode,Priority,FIFOMode,SignalID,Polarity,RequestNumber,SyncSignalID,SyncPolarity,SyncEnable,EventEnable,SyncRequestNumber
Dma.DFSDM1_FLT1.9.SignalID=NONE
Dma.DFSDM1_FLT1.9.SyncEnable=DISABLE
Dma.DFSDM1_FLT1.9.SyncPolarity=HAL_DMAMUX_SYNC_NO_EVENT
Dma.DFSDM1_FLT1.9.SyncRequestNumber=1
Dma.DFSDM1_FLT1.9.SyncSignalID=NONE
Dma.Request0=SAI1_A
Dma.Request1=SAI1_B
Dma.Request2=UART8_RX
Dma.Request3=UART8_TX
Dma.Request4=UART9_RX
Dma.Request5=UART9_TX
Dma.Request6=UART4_RX
Dma.Request7=UART4_TX
Dma.Request8=DFSDM1_FLT0
Dma.Request9=DFSDM1_FLT1
Dma.RequestsNb=10
Dma.SAI1_A.0.Direction=DMA_PERIPH_TO_MEMORY
Dma.SAI1_A.0.EventEnable=DISABLE
Dma.SAI1_A.0.FIFOMode=DMA_FIFOMODE_DISABLE
Dma.SAI1_A.0.Instance=DMA1_Stream0
Dma.SAI1_A.0.MemDataAlignment=DMA_MDATAALIGN_HALFWORD
Dma.SAI1_A.0.MemInc=DMA_MINC_ENABLE
Dma.SAI1_A.0.Mode=DMA_CIRCULAR
Dma.SAI1_A.0.PeriphDataAlignment=DMA_PDATAALIGN_HALFWORD
Dma.SAI1_A.0.PeriphInc=DMA_PINC_DISABLE
Dma.SAI1_A.0.Polarity=HAL_DMAMUX_REQ_GEN_RISING
Dma.SAI1_A.0.Priority=DMA_PRIORITY_LOW
Dma.SAI1_A.0.RequestNumber=1
Dma.SAI1_A.0.RequestParameters=Instance,Direction,PeriphInc,MemInc,PeriphDataAlignment,MemDataAlignment,Mode,Priority,FIFOMode,SignalID,Polarity,RequestNumber,SyncSignalID,SyncPolarity,SyncEnable,EventEnable,SyncRequestNumber
Dma.SAI1_A.0.SignalID=NONE
Dma.SAI1_A.0.SyncEnable=DISABLE
Dma.SAI1_A.0.SyncPolarity=HAL_DMAMUX_SYNC_NO_EVENT
Dma.SAI1_A.0.SyncRequestNumber=1
Dma.SAI1_A.0.SyncSignalID=NONE
Dma.SAI1_B.1.Direction=DMA_MEMORY_TO_PERIPH
Dma.SAI1_B.1.EventEnable=DISABLE
Dma.SAI1_B.1.FIFOMode=DMA_FIFOMODE_DISABLE
Dma.SAI1_B.1.Instance=DMA1_Stream1
Dma.SAI1_B.1.MemDataAlignment=DMA_MDATAALIGN_HALFWORD
Dma.SAI1_B.1.MemInc=DMA_MINC_ENABLE
Dma.SAI1_B.1.Mode=DMA_CIRCULAR
Dma.SAI1_B.1.PeriphDataAlignment=DMA_PDATAALIGN_HALFWORD
Dma.SAI1_B.1.PeriphInc=DMA_PINC_DISABLE
Dma.SAI1_B.1.Polarity=HAL_DMAMUX_REQ_GEN_RISING
Dma.SAI1_B.1.Priority=DMA_PRIORITY_LOW
Dma.SAI1_B.1.RequestNumber=1
Dma.SAI1_B.1.RequestParameters=Instance,Direction,PeriphInc,MemInc,PeriphDataAlignment,MemDataAlignment,Mode,Priority,FIFOMode,SignalID,Polarity,RequestNumber,SyncSignalID,SyncPolarity,SyncEnable,EventEnable,SyncRequestNumber
Dma.SAI1_B.1.SignalID=NONE
Dma.SAI1_B.1.SyncEnable=DISABLE
Dma.SAI1_B.1.SyncPolarity=HAL_DMAMUX_SYNC_NO_EVENT
Dma.SAI1_B.1.SyncRequestNumber=1
Dma.SAI1_B.1.SyncSignalID=NONE
Dma.UART4_RX.6.Direction=DMA_PERIPH_TO_MEMORY
Dma.UART4_RX.6.EventEnable=DISABLE
Dma.UART4_RX.6.FIFOMode=DMA_FIFOMODE_DISABLE
Dma.UART4_RX.6.Instance=DMA1_Stream6
Dma.UART4_RX.6.MemDataAlignment=DMA_MDATAALIGN_BYTE
Dma.UART4_RX.6.MemInc=DMA_MINC_ENABLE
Dma.UART4_RX.6.Mode=DMA_NORMAL
Dma.UART4_RX.6.PeriphDataAlignment=DMA_PDATAALIGN_BYTE
Dma.UART4_RX.6.PeriphInc=DMA_PINC_DISABLE
Dma.UART4_RX.6.Polarity=HAL_DMAMUX_REQ_GEN_RISING
Dma.UART4_RX.6.Priority=DMA_PRIORITY_LOW
Dma.UART4_RX.6.RequestNumber=1
Dma.UART4_RX.6.RequestParameters=Instance,Direction,PeriphInc,MemInc,PeriphDataAlignment,MemDataAlignment,Mode,Priority,FIFOMode,SignalID,Polarity,RequestNumber,SyncSignalID,SyncPolarity,SyncEnable,EventEnable,SyncRequestNumber
Dma.UART4_RX.6.SignalID=NONE
Dma.UART4_RX.6.SyncEnable=DISABLE
Dma.UART4_RX.6.SyncPolarity=HAL_DMAMUX_SYNC_NO_EVENT
Dma.UART4_RX.6.SyncRequestNumber=1
Dma.UART4_RX.6.SyncSignalID=NONE
Dma.UART4_TX.7.Direction=DMA_MEMORY_TO_PERIPH
Dma.UART4_TX.7.EventEnable=DISABLE
Dma.UART4_TX.7.FIFOMode=DMA_FIFOMODE_DISABLE
Dma.UART4_TX.7.Instance=DMA1_Stream7
Dma.UART4_TX.7.MemDataAlignment=DMA_MDATAALIGN_BYTE
Dma.UART4_TX.7.MemInc=DMA_MINC_ENABLE
Dma.UART4_TX.7.Mode=DMA_NORMAL
Dma.UART4_TX.7.PeriphDataAlignment=DMA_PDATAALIGN_BYTE
Dma.UART4_TX.7.PeriphInc=DMA_PINC_DISABLE
Dma.UART4_TX.7.Polarity=HAL_DMAMUX_REQ_GEN_RISING
Dma.UART4_TX.7.Priority=DMA_PRIORITY_LOW
Dma.UART4_TX.7.RequestNumber=1
Dma.UART4_TX.7.RequestParameters=Instance,Direction,PeriphInc,MemInc,PeriphDataAlignment,MemDataAlignment,Mode,Priority,FIFOMode,SignalID,Polarity,RequestNumber,SyncSignalID,SyncPolarity,SyncEnable,EventEnable,SyncRequestNumber
Dma.UART4_TX.7.SignalID=NONE
Dma.UART4_TX.7.SyncEnable=DISABLE
Dma.UART4_TX.7.SyncPolarity=HAL_DMAMUX_SYNC_NO_EVENT
Dma.UART4_TX.7.SyncRequestNumber=1
Dma.UART4_TX.7.SyncSignalID=NONE
Dma.UART8_RX.2.Direction=DMA_PERIPH_TO_MEMORY
Dma.UART8_RX.2.EventEnable=DISABLE
Dma.UART8_RX.2.FIFOMode=DMA_FIFOMODE_DISABLE
Dma.UART8_RX.2.Instance=DMA1_Stream2
Dma.UART8_RX.2.MemDataAlignment=DMA_MDATAALIGN_BYTE
Dma.UART8_RX.2.MemInc=DMA_MINC_ENABLE
Dma.UART8_RX.2.Mode=DMA_NORMAL
Dma.UART8_RX.2.PeriphDataAlignment=DMA_PDATAALIGN_BYTE
Dma.UART8_RX.2.PeriphInc=DMA_PINC_DISABLE
Dma.UART8_RX.2.Polarity=HAL_DMAMUX_REQ_GEN_RISING
Dma.UART8_RX.2.Priority=DMA_PRIORITY_LOW
Dma.UART8_RX.2.RequestNumber=1
Dma.UART8_RX.2.RequestParameters=Instance,Direction,PeriphInc,MemInc,PeriphDataAlignment,MemDataAlignment,Mode,Priority,FIFOMode,SignalID,Polarity,RequestNumber,SyncSignalID,SyncPolarity,SyncEnable,EventEnable,SyncRequestNumber
Dma.UART8_RX.2.SignalID=NONE
Dma.UART8_RX.2.SyncEnable=DISABLE
Dma.UART8_RX.2.SyncPolarity=HAL_DMAMUX_SYNC_NO_EVENT
Dma.UART8_RX.2.SyncRequestNumber=1
Dma.UART8_RX.2.SyncSignalID=NONE
Dma.UART8_TX.3.Direction=DMA_MEMORY_TO_PERIPH
Dma.UART8_TX.3.EventEnable=DISABLE
Dma.UART8_TX.3.FIFOMode=DMA_FIFOMODE_DISABLE
Dma.UART8_TX.3.Instance=DMA1_Stream3
Dma.UART8_TX.3.MemDataAlignment=DMA_MDATAALIGN_BYTE
Dma.UART8_TX.3.MemInc=DMA_MINC_ENABLE
Dma.UART8_TX.3.Mode=DMA_NORMAL
Dma.UART8_TX.3.PeriphDataAlignment=DMA_PDATAALIGN_BYTE
Dma.UART8_TX.3.PeriphInc=DMA_PINC_DISABLE
Dma.UART8_TX.3.Polarity=HAL_DMAMUX_REQ_GEN_RISING
Dma.UART8_TX.3.Priority=DMA_PRIORITY_LOW
Dma.UART8_TX.3.RequestNumber=1
Dma.UART8_TX.3.RequestParameters=Instance,Direction,PeriphInc,MemInc,PeriphDataAlignment,MemDataAlignment,Mode,Priority,FIFOMode,SignalID,Polarity,RequestNumber,SyncSignalID,SyncPolarity,SyncEnable,EventEnable,SyncRequestNumber
Dma.UART8_TX.3.SignalID=NONE
Dma.UART8_TX.3.SyncEnable=DISABLE
Dma.UART8_TX.3.SyncPolarity=HAL_DMAMUX_SYNC_NO_EVENT
Dma.UART8_TX.3.SyncRequestNumber=1
Dma.UART8_TX.3.SyncSignalID=NONE
Dma.UART9_RX.4.Direction=DMA_PERIPH_TO_MEMORY
Dma.UART9_RX.4.EventEnable=DISABLE
Dma.UART9_RX.4.FIFOMode=DMA_FIFOMODE_DISABLE
Dma.UART9_RX.4.Instance=DMA1_Stream4
Dma.UART9_RX.4.MemDataAlignment=DMA_MDATAALIGN_BYTE
Dma.UART9_RX.4.MemInc=DMA_MINC_ENABLE
Dma.UART9_RX.4.Mode=DMA_NORMAL
Dma.UART9_RX.4.PeriphDataAlignment=DMA_PDATAALIGN_BYTE
Dma.UART9_RX.4.PeriphInc=DMA_PINC_DISABLE
Dma.UART9_RX.4.Polarity=HAL_DMAMUX_REQ_GEN_RISING
Dma.UART9_RX.4.Priority=DMA_PRIORITY_LOW
Dma.UART9_RX.4.RequestNumber=1
Dma.UART9_RX.4.RequestParameters=Instance,Direction,PeriphInc,MemInc,PeriphDataAlignment,MemDataAlignment,Mode,Priority,FIFOMode,SignalID,Polarity,RequestNumber,SyncSignalID,SyncPolarity,SyncEnable,EventEnable,SyncRequestNumber
Dma.UART9_RX.4.SignalID=NONE
Dma.UART9_RX.4.SyncEnable=DISABLE
Dma.UART9_RX.4.SyncPolarity=HAL_DMAMUX_SYNC_NO_EVENT
Dma.UART9_RX.4.SyncRequestNumber=1
Dma.UART9_RX.4.SyncSignalID=NONE
Dma.UART9_TX.5.Direction=DMA_MEMORY_TO_PERIPH
Dma.UART9_TX.5.EventEnable=DISABLE
Dma.UART9_TX.5.FIFOMode=DMA_FIFOMODE_DISABLE
Dma.UART9_TX.5.Instance=DMA1_Stream5
Dma.UART9_TX.5.MemDataAlignment=DMA_MDATAALIGN_BYTE
Dma.UART9_TX.5.MemInc=DMA_MINC_ENABLE
Dma.UART9_TX.5.Mode=DMA_NORMAL
Dma.UART9_TX.5.PeriphDataAlignment=DMA_PDATAALIGN_BYTE
Dma.UART9_TX.5.PeriphInc=DMA_PINC_DISABLE
Dma.UART9_TX.5.Polarity=HAL_DMAMUX_REQ_GEN_RISING
Dma.UART9_TX.5.Priority=DMA_PRIORITY_LOW
Dma.UART9_TX.5.RequestNumber=1
Dma.UART9_TX.5.RequestParameters=Instance,Direction,PeriphInc,MemInc,PeriphDataAlignment,MemDataAlignment,Mode,Priority,FIFOMode,SignalID,Polarity,RequestNumber,SyncSignalID,SyncPolarity,SyncEnable,EventEnable,SyncRequestNumber
Dma.UART9_TX.5.SignalID=NONE
Dma.UART9_TX.5.SyncEnable=DISABLE
Dma.UART9_TX.5.SyncPolarity=HAL_DMAMUX_SYNC_NO_EVENT
Dma.UART9_TX.5.SyncRequestNumber=1
Dma.UART9_TX.5.SyncSignalID=NONE
FATFS.BSP.number=1
FATFS.IPParameters=USE_DMA_CODE_SD
FATFS.USE_DMA_CODE_SD=1
FATFS0.BSP.STBoard=false
FATFS0.BSP.api=Unknown
FATFS0.BSP.component=
FATFS0.BSP.condition=
FATFS0.BSP.instance=PG15
FATFS0.BSP.ip=GPIO
FATFS0.BSP.mode=Input
FATFS0.BSP.name=Detect_SDIO
FATFS0.BSP.semaphore=
FATFS0.BSP.solution=PG15
File.Version=6
GPIO.groupedBy=Show All
I2C4.Analog_Filter=I2C_ANALOGFILTER_DISABLE
I2C4.CustomTiming=Disabled
I2C4.I2C_Speed_Mode=I2C_Fast
I2C4.IPParameters=Analog_Filter,Timing,Speed,I2C_Speed_Mode,CustomTiming
I2C4.Speed=400
I2C4.Timing=0x00D056FC
KeepUserPlacement=false
LTDC.ActiveH=KLST_DISPLAY_HEIGHT
LTDC.ActiveW=KLST_DISPLAY_WIDTH
LTDC.Alpha_L0=255
LTDC.Alpha_L1=127
LTDC.Blue_L0=0
LTDC.FBStartAdress_L0=KLST_DISPLAY_FRAMEBUFFER_ADDRESS
LTDC.FBStartAdress_L1=( KLST_DISPLAY_FRAMEBUFFER_ADDRESS + KLST_DISPLAY_WIDTH * KLST_DISPLAY_HEIGHT * 4 )
LTDC.Green_L1=255
LTDC.HBP=43
LTDC.HFP=8
LTDC.HSync=4
LTDC.IPParameters=Layers,FBStartAdress_L0,ImageWidth_L0,ImageHeight_L0,WindowX1_L0,WindowY1_L0,Red,Blue_L0,ActiveW,ActiveH,HBP,HFP,HSync,PCPolarity,Green_L1,FBStartAdress_L1,ImageHeight_L1,Alpha_L0,Alpha_L1,WindowX1_L1,WindowY1_L1,VBP,VFP
LTDC.ImageHeight_L0=KLST_DISPLAY_HEIGHT
LTDC.ImageHeight_L1=KLST_DISPLAY_HEIGHT
LTDC.ImageWidth_L0=KLST_DISPLAY_WIDTH
LTDC.Layers=0
LTDC.PCPolarity=LTDC_PCPOLARITY_IPC
LTDC.Red=0
LTDC.VBP=12
LTDC.VFP=8
LTDC.WindowX1_L0=KLST_DISPLAY_WIDTH
LTDC.WindowX1_L1=KLST_DISPLAY_WIDTH
LTDC.WindowY1_L0=KLST_DISPLAY_HEIGHT
LTDC.WindowY1_L1=KLST_DISPLAY_HEIGHT
Mcu.CPN=STM32H723ZGT6
Mcu.Family=STM32H7
Mcu.IP0=ADC1
Mcu.IP1=ADC2
Mcu.IP10=FATFS
Mcu.IP11=I2C1
Mcu.IP12=I2C4
Mcu.IP13=LTDC
Mcu.IP14=NVIC
Mcu.IP15=OCTOSPI1
Mcu.IP16=PDM2PCM
Mcu.IP17=RCC
Mcu.IP18=SAI1
Mcu.IP19=SDMMC2
Mcu.IP2=ADC3
Mcu.IP20=SPI4
Mcu.IP21=SYS
Mcu.IP22=TIM1
Mcu.IP23=TIM2
Mcu.IP24=TIM3
Mcu.IP25=TIM4
Mcu.IP26=TIM12
Mcu.IP27=TIM23
Mcu.IP28=TIM24
Mcu.IP29=UART4
Mcu.IP3=CORTEX_M7
Mcu.IP30=UART8
Mcu.IP31=UART9
Mcu.IP32=USART2
Mcu.IP33=USART3
Mcu.IP34=USB_HOST
Mcu.IP35=USB_OTG_HS
Mcu.IP4=CRC
Mcu.IP5=DAC1
Mcu.IP6=DEBUG
Mcu.IP7=DFSDM1
Mcu.IP8=DMA
Mcu.IP9=DMA2D
Mcu.IPNb=36
Mcu.Name=STM32H723ZGTx
Mcu.Package=LQFP144
Mcu.Pin0=PE2
Mcu.Pin1=PE3
Mcu.Pin10=PF2
Mcu.Pin100=PG11
Mcu.Pin101=PG12
Mcu.Pin102=PG13
Mcu.Pin103=PG14
Mcu.Pin104=PG15
Mcu.Pin105=PB3(JTDO/TRACESWO)
Mcu.Pin106=PB4(NJTRST)
Mcu.Pin107=PB5
Mcu.Pin108=PB6
Mcu.Pin109=PB7
Mcu.Pin11=PF3
Mcu.Pin110=PB8
Mcu.Pin111=PB9
Mcu.Pin112=PE0
Mcu.Pin113=PE1
Mcu.Pin114=VP_CRC_VS_CRC
Mcu.Pin115=VP_DMA2D_VS_DMA2D
Mcu.Pin116=VP_FATFS_VS_SDIO
Mcu.Pin117=VP_OCTOSPI1_VS_hyperbus
Mcu.Pin118=VP_PDM2PCM_VS_PDM2PCM
Mcu.Pin119=VP_SAI1_VP_$IpInstance_SAIA_SAI_BASIC
Mcu.Pin12=PF4
Mcu.Pin120=VP_SAI1_VP_$IpInstance_SAIB_SAI_BASIC
Mcu.Pin121=VP_SYS_VS_Systick
Mcu.Pin122=VP_USB_HOST_VS_USB_HOST_HID_HS
Mcu.Pin13=PF5
Mcu.Pin14=PF6
Mcu.Pin15=PF7
Mcu.Pin16=PF8
Mcu.Pin17=PF9
Mcu.Pin18=PF10
Mcu.Pin19=PH0-OSC_IN
Mcu.Pin2=PE4
Mcu.Pin20=PH1-OSC_OUT
Mcu.Pin21=PC0
Mcu.Pin22=PC1
Mcu.Pin23=PC2_C
Mcu.Pin24=PC3_C
Mcu.Pin25=PA0
Mcu.Pin26=PA1
Mcu.Pin27=PA2
Mcu.Pin28=PA3
Mcu.Pin29=PA4
Mcu.Pin3=PE5
Mcu.Pin30=PA5
Mcu.Pin31=PA6
Mcu.Pin32=PA7
Mcu.Pin33=PC4
Mcu.Pin34=PC5
Mcu.Pin35=PB0
Mcu.Pin36=PB1
Mcu.Pin37=PB2
Mcu.Pin38=PF11
Mcu.Pin39=PF12
Mcu.Pin4=PE6
Mcu.Pin40=PF13
Mcu.Pin41=PF14
Mcu.Pin42=PF15
Mcu.Pin43=PG0
Mcu.Pin44=PG1
Mcu.Pin45=PE7
Mcu.Pin46=PE8
Mcu.Pin47=PE9
Mcu.Pin48=PE10
Mcu.Pin49=PE11
Mcu.Pin5=PC13
Mcu.Pin50=PE12
Mcu.Pin51=PE13
Mcu.Pin52=PE14
Mcu.Pin53=PE15
Mcu.Pin54=PB10
Mcu.Pin55=PB11
Mcu.Pin56=PB12
Mcu.Pin57=PB13
Mcu.Pin58=PB14
Mcu.Pin59=PB15
Mcu.Pin6=PC14-OSC32_IN
Mcu.Pin60=PD8
Mcu.Pin61=PD9
Mcu.Pin62=PD10
Mcu.Pin63=PD11
Mcu.Pin64=PD12
Mcu.Pin65=PD13
Mcu.Pin66=PD14
Mcu.Pin67=PD15
Mcu.Pin68=PG2
Mcu.Pin69=PG3
Mcu.Pin7=PC15-OSC32_OUT
Mcu.Pin70=PG4
Mcu.Pin71=PG5
Mcu.Pin72=PG6
Mcu.Pin73=PG7
Mcu.Pin74=PG8
Mcu.Pin75=PC6
Mcu.Pin76=PC7
Mcu.Pin77=PC8
Mcu.Pin78=PC9
Mcu.Pin79=PA8
Mcu.Pin8=PF0
Mcu.Pin80=PA9
Mcu.Pin81=PA10
Mcu.Pin82=PA11
Mcu.Pin83=PA12
Mcu.Pin84=PA13(JTMS/SWDIO)
Mcu.Pin85=PA14(JTCK/SWCLK)
Mcu.Pin86=PA15(JTDI)
Mcu.Pin87=PC10
Mcu.Pin88=PC11
Mcu.Pin89=PC12
Mcu.Pin9=PF1
Mcu.Pin90=PD0
Mcu.Pin91=PD1
Mcu.Pin92=PD2
Mcu.Pin93=PD3
Mcu.Pin94=PD4
Mcu.Pin95=PD5
Mcu.Pin96=PD6
Mcu.Pin97=PD7
Mcu.Pin98=PG9
Mcu.Pin99=PG10
Mcu.PinsNb=123
Mcu.ThirdPartyNb=0
Mcu.UserConstants=KLST_DISPLAY_FRAMEBUFFER_ADDRESS,0x90000000;KLST_DISPLAY_WIDTH,480;KLST_DISPLAY_HEIGHT,272
Mcu.UserName=STM32H723ZGTx
MxCube.Version=6.11.1
MxDb.Version=DB.6.0.111
NVIC.BusFault_IRQn=true\:0\:0\:false\:false\:true\:false\:false\:false
NVIC.DMA1_Stream0_IRQn=true\:0\:0\:false\:false\:true\:false\:true\:true
NVIC.DMA1_Stream1_IRQn=true\:0\:0\:false\:false\:true\:false\:true\:true
NVIC.DMA1_Stream2_IRQn=true\:0\:0\:false\:false\:true\:false\:true\:true
NVIC.DMA1_Stream3_IRQn=true\:0\:0\:false\:false\:true\:false\:true\:true
NVIC.DMA1_Stream4_IRQn=true\:0\:0\:false\:false\:true\:false\:true\:true
NVIC.DMA1_Stream5_IRQn=true\:0\:0\:false\:false\:true\:false\:true\:true
NVIC.DMA1_Stream6_IRQn=true\:0\:0\:false\:false\:true\:false\:true\:true
NVIC.DMA1_Stream7_IRQn=true\:0\:0\:false\:false\:true\:false\:true\:true
NVIC.DMA2D_IRQn=true\:0\:0\:true\:false\:true\:true\:true\:true
NVIC.DMA2_Stream0_IRQn=true\:0\:0\:false\:false\:true\:false\:true\:true
NVIC.DMA2_Stream1_IRQn=true\:0\:0\:false\:false\:true\:false\:true\:true
NVIC.DebugMonitor_IRQn=true\:0\:0\:false\:false\:true\:false\:false\:false
NVIC.EXTI15_10_IRQn=true\:0\:0\:false\:false\:true\:true\:true\:true
NVIC.ForceEnableDMAVector=true
NVIC.HardFault_IRQn=true\:0\:0\:false\:false\:true\:false\:false\:false
NVIC.LTDC_ER_IRQn=true\:0\:0\:false\:false\:true\:true\:true\:true
NVIC.LTDC_IRQn=true\:0\:0\:false\:false\:true\:true\:true\:true
NVIC.MemoryManagement_IRQn=true\:0\:0\:false\:false\:true\:false\:false\:false
NVIC.NonMaskableInt_IRQn=true\:0\:0\:false\:false\:true\:false\:false\:false
NVIC.OCTOSPI1_IRQn=true\:0\:0\:false\:false\:true\:true\:true\:true
NVIC.OTG_HS_EP1_IN_IRQn=true\:0\:0\:false\:false\:true\:true\:true\:true
NVIC.OTG_HS_EP1_OUT_IRQn=true\:0\:0\:false\:false\:true\:true\:true\:true
NVIC.OTG_HS_IRQn=true\:0\:0\:false\:false\:true\:true\:true\:true
NVIC.PendSV_IRQn=true\:0\:0\:false\:false\:true\:false\:false\:false
NVIC.PriorityGroup=NVIC_PRIORITYGROUP_4
NVIC.SAI1_IRQn=true\:0\:0\:false\:false\:true\:true\:true\:true
NVIC.SDMMC2_IRQn=true\:0\:0\:false\:false\:true\:true\:true\:true
NVIC.SVCall_IRQn=true\:0\:0\:false\:false\:true\:false\:false\:false
NVIC.SysTick_IRQn=true\:15\:0\:false\:false\:true\:false\:true\:false
NVIC.TIM1_BRK_IRQn=true\:0\:0\:false\:false\:true\:true\:true\:true
NVIC.TIM1_CC_IRQn=true\:0\:0\:false\:false\:true\:true\:true\:true
NVIC.TIM1_TRG_COM_IRQn=true\:0\:0\:false\:false\:true\:true\:true\:true
NVIC.TIM1_UP_IRQn=true\:0\:0\:false\:false\:true\:true\:true\:true
NVIC.TIM2_IRQn=true\:0\:0\:false\:false\:true\:true\:true\:true
NVIC.TIM4_IRQn=true\:0\:0\:false\:false\:true\:true\:true\:true
NVIC.UART4_IRQn=true\:0\:0\:false\:false\:true\:true\:true\:true
NVIC.UART8_IRQn=true\:0\:0\:false\:false\:true\:true\:true\:true
NVIC.UART9_IRQn=true\:0\:0\:false\:false\:true\:true\:true\:true
NVIC.UsageFault_IRQn=true\:0\:0\:false\:false\:true\:false\:false\:false
OCTOSPI1.AccessTime=7
OCTOSPI1.ChipSelectHighTime=2
OCTOSPI1.ClockPrescaler=2
OCTOSPI1.DelayBlockBypass=HAL_OSPI_DELAY_BLOCK_USED
OCTOSPI1.DelayHoldQuarterCycle=HAL_OSPI_DHQC_ENABLE
OCTOSPI1.DeviceSize=24
OCTOSPI1.DeviceType=SPI_DEVICE_RAM
OCTOSPI1.FifoThreshold=4
OCTOSPI1.IPParameters=DeviceType,DeviceSize,ChipSelectHighTime,DelayHoldQuarterCycle,DelayBlockBypass,MaxTran,ClockPrescaler,Refresh,FifoThreshold,RWRecoveryTime,AccessTime,WriteZeroLatency,LatencyMode
OCTOSPI1.LatencyMode=HAL_OSPI_FIXED_LATENCY
OCTOSPI1.MaxTran=23
OCTOSPI1.RWRecoveryTime=4
OCTOSPI1.Refresh=799
OCTOSPI1.WriteZeroLatency=HAL_OSPI_LATENCY_ON_WRITE
PA0.GPIOParameters=GPIO_Label
PA0.GPIO_Label=_ENCODER_01_A
PA0.Locked=true
PA0.Signal=S_TIM2_CH1_ETR
PA1.GPIOParameters=GPIO_Label
PA1.GPIO_Label=_ENCODER_01_B
PA1.Locked=true
PA1.Signal=S_TIM2_CH2
PA10.GPIOParameters=GPIO_Label
PA10.GPIO_Label=_ENCODER_00_BUTTON
PA10.Locked=true
PA10.Signal=S_TIM1_CH3
PA11.GPIOParameters=GPIO_Label
PA11.GPIO_Label=_USB_DEVICE_HOST_MINUS
PA11.Locked=true
PA11.Mode=Host_FS
PA11.Signal=USB_OTG_HS_DM
PA12.GPIOParameters=GPIO_Label
PA12.GPIO_Label=_USB_DEVICE_HOST_PLUS
PA12.Locked=true
PA12.Mode=Host_FS
PA12.Signal=USB_OTG_HS_DP
PA13(JTMS/SWDIO).GPIOParameters=GPIO_Label
PA13(JTMS/SWDIO).GPIO_Label=_SWD_IO
PA13(JTMS/SWDIO).Locked=true
PA13(JTMS/SWDIO).Mode=Trace_Asynchronous_SW
PA13(JTMS/SWDIO).Signal=DEBUG_JTMS-SWDIO
PA14(JTCK/SWCLK).GPIOParameters=GPIO_Label
PA14(JTCK/SWCLK).GPIO_Label=_SWD_CLK
PA14(JTCK/SWCLK).Locked=true
PA14(JTCK/SWCLK).Mode=Trace_Asynchronous_SW
PA14(JTCK/SWCLK).Signal=DEBUG_JTCK-SWCLK
PA15(JTDI).GPIOParameters=GPIO_Speed,GPIO_Label
PA15(JTDI).GPIO_Label=_DISPLAY_LTDC_R3
PA15(JTDI).GPIO_Speed=GPIO_SPEED_FREQ_VERY_HIGH
PA15(JTDI).Locked=true
PA15(JTDI).Mode=RGB888
PA15(JTDI).Signal=LTDC_R3
PA2.GPIOParameters=GPIO_Speed,GPIO_Label
PA2.GPIO_Label=_DISPLAY_LTDC_R1
PA2.GPIO_Speed=GPIO_SPEED_FREQ_VERY_HIGH
PA2.Locked=true
PA2.Mode=RGB888
PA2.Signal=LTDC_R1
PA3.GPIOParameters=GPIO_Label
PA3.GPIO_Label=SERIAL_USR_RX
PA3.Mode=Asynchronous
PA3.Signal=USART2_RX
PA4.GPIOParameters=GPIO_Label
PA4.GPIO_Label=_DAC_USR
PA4.Locked=true
PA4.Signal=COMP_DAC11_group
PA5.GPIOParameters=GPIO_Speed,GPIO_Label
PA5.GPIO_Label=_DISPLAY_LTDC_R4
PA5.GPIO_Speed=GPIO_SPEED_FREQ_VERY_HIGH
PA5.Locked=true
PA5.Mode=RGB888
PA5.Signal=LTDC_R4
PA6.GPIOParameters=GPIO_Speed,GPIO_Label
PA6.GPIO_Label=_DISPLAY_LTDC_G2
PA6.GPIO_Speed=GPIO_SPEED_FREQ_VERY_HIGH
PA6.Locked=true
PA6.Mode=RGB888
PA6.Signal=LTDC_G2
PA7.GPIOParameters=GPIO_Speed,GPIO_Label
PA7.GPIO_Label=_DISPLAY_LTDC_VSYNC
PA7.GPIO_Speed=GPIO_SPEED_FREQ_VERY_HIGH
PA7.Locked=true
PA7.Mode=RGB888
PA7.Signal=LTDC_VSYNC
PA8.GPIOParameters=GPIO_Label
PA8.GPIO_Label=_ENCODER_00_A
PA8.Locked=true
PA8.Signal=S_TIM1_CH1
PA9.GPIOParameters=GPIO_Label
PA9.GPIO_Label=_USB_DEVICE_HOST_VBUS
PA9.Locked=true
PA9.Mode=Activate_VBUS_FS
PA9.Signal=USB_OTG_HS_VBUS
PB0.GPIOParameters=GPIO_Speed,GPIO_Label
PB0.GPIO_Label=_DISPLAY_LTDC_G1
PB0.GPIO_Speed=GPIO_SPEED_FREQ_VERY_HIGH
PB0.Locked=true
PB0.Mode=RGB888
PB0.Signal=LTDC_G1
PB1.GPIOParameters=GPIO_Speed,GPIO_Label
PB1.GPIO_Label=_DISPLAY_LTDC_G0
PB1.GPIO_Speed=GPIO_SPEED_FREQ_VERY_HIGH
PB1.Locked=true
PB1.Mode=RGB888
PB1.Signal=LTDC_G0
PB10.GPIOParameters=GPIO_Speed,GPIO_Label
PB10.GPIO_Label=_DISPLAY_LTDC_G4
PB10.GPIO_Speed=GPIO_SPEED_FREQ_VERY_HIGH
PB10.Locked=true
PB10.Mode=RGB888
PB10.Signal=LTDC_G4
PB11.GPIOParameters=GPIO_Label
PB11.GPIO_Label=_ENCODER_01_BUTTON
PB11.Locked=true
PB11.Signal=S_TIM2_CH4
PB12.GPIOParameters=GPIO_Label
PB12.GPIO_Label=_EXT_MEMORY_A0
PB12.Locked=true
PB12.Mode=OCTOSPI1_IOL_Port1L
PB12.Signal=OCTOSPIM_P1_IO0
PB13.GPIOParameters=GPIO_Label
PB13.GPIO_Label=_EXT_MEMORY_A2
PB13.Locked=true
PB13.Mode=OCTOSPI1_IOL_Port1L
PB13.Signal=OCTOSPIM_P1_IO2
PB14.GPIOParameters=GPIO_Label
PB14.GPIO_Label=_LED_00
PB14.Locked=true
PB14.Signal=S_TIM12_CH1
PB15.GPIOParameters=GPIO_Label
PB15.GPIO_Label=_LED_01
PB15.Locked=true
PB15.Signal=S_TIM12_CH2
PB2.GPIOParameters=GPIO_Speed,GPIO_Label
PB2.GPIO_Label=_AUDIO_CODEC_SAI_SD_IN
PB2.GPIO_Speed=GPIO_SPEED_FREQ_LOW
PB2.Locked=true
PB2.Mode=SAI_A_SyncSlave
PB2.Signal=SAI1_SD_A
PB3(JTDO/TRACESWO).GPIOParameters=GPIO_Label
PB3(JTDO/TRACESWO).GPIO_Label=_SWD_OUT
PB3(JTDO/TRACESWO).Locked=true
PB3(JTDO/TRACESWO).Mode=Trace_Asynchronous_SW
PB3(JTDO/TRACESWO).Signal=DEBUG_JTDO-SWO
PB4(NJTRST).GPIOParameters=GPIO_Label
PB4(NJTRST).GPIO_Label=GPIO_11
PB4(NJTRST).Locked=true
PB4(NJTRST).Signal=GPIO_Output
PB5.GPIOParameters=GPIO_Speed,GPIO_Label
PB5.GPIO_Label=_DISPLAY_LTDC_B5
PB5.GPIO_Speed=GPIO_SPEED_FREQ_VERY_HIGH
PB5.Locked=true
PB5.Mode=RGB888
PB5.Signal=LTDC_B5
PB6.GPIOParameters=GPIO_Label
PB6.GPIO_Label=I2C_USR_SCL
PB6.Mode=I2C
PB6.Signal=I2C1_SCL
PB7.GPIOParameters=GPIO_Label
PB7.GPIO_Label=I2C_USR_SDA
PB7.Mode=I2C
PB7.Signal=I2C1_SDA
PB8.GPIOParameters=GPIO_Speed,GPIO_Label
PB8.GPIO_Label=_DISPLAY_LTDC_B6
PB8.GPIO_Speed=GPIO_SPEED_FREQ_VERY_HIGH
PB8.Locked=true
PB8.Mode=RGB888
PB8.Signal=LTDC_B6
PB9.GPIOParameters=GPIO_Speed,GPIO_Label
PB9.GPIO_Label=_DISPLAY_LTDC_B7
PB9.GPIO_Speed=GPIO_SPEED_FREQ_VERY_HIGH
PB9.Locked=true
PB9.Mode=RGB888
PB9.Signal=LTDC_B7
PC0.GPIOParameters=GPIO_Speed,GPIO_Label
PC0.GPIO_Label=_DISPLAY_LTDC_R5
PC0.GPIO_Speed=GPIO_SPEED_FREQ_VERY_HIGH
PC0.Locked=true
PC0.Mode=RGB888
PC0.Signal=LTDC_R5
PC1.GPIOParameters=GPIO_Speed,GPIO_Label
PC1.GPIO_Label=_DISPLAY_LTDC_G5
PC1.GPIO_Speed=GPIO_SPEED_FREQ_VERY_HIGH
PC1.Locked=true
PC1.Mode=RGB888
PC1.Signal=LTDC_G5
PC10.GPIOParameters=GPIO_Speed,GPIO_Label
PC10.GPIO_Label=_DISPLAY_LTDC_R2
PC10.GPIO_Speed=GPIO_SPEED_FREQ_VERY_HIGH
PC10.Locked=true
PC10.Mode=RGB888
PC10.Signal=LTDC_R2
PC11.GPIOParameters=GPIO_Label
PC11.GPIO_Label=_MIDI_ANALOG_IN
PC11.Locked=true
PC11.Mode=Asynchronous
PC11.Signal=UART4_RX
PC12.GPIOParameters=GPIO_Speed,GPIO_Label
PC12.GPIO_Label=_DISPLAY_LTDC_R6
PC12.GPIO_Speed=GPIO_SPEED_FREQ_VERY_HIGH
PC12.Locked=true
PC12.Mode=RGB888
PC12.Signal=LTDC_R6
PC13.GPIOParameters=GPIO_Label
PC13.GPIO_Label=GPIO_10
PC13.Signal=GPIO_Output
PC14-OSC32_IN.GPIOParameters=GPIO_Label
PC14-OSC32_IN.GPIO_Label=GPIO_09
PC14-OSC32_IN.Signal=GPIO_Output
PC15-OSC32_OUT.GPIOParameters=GPIO_Label
PC15-OSC32_OUT.GPIO_Label=GPIO_08
PC15-OSC32_OUT.Signal=GPIO_Output
PC2_C.GPIOParameters=GPIO_Label
PC2_C.GPIO_Label=_AUDIO_MIC_CLK
PC2_C.Locked=true
PC2_C.Signal=S_CKOUTDFSDM1
PC3_C.GPIOParameters=GPIO_Label
PC3_C.GPIO_Label=_AUDIO_MIC_DATA
PC3_C.Locked=true
PC3_C.Signal=S_DATAIN1DFSDM1
PC4.GPIOParameters=GPIO_Label
PC4.GPIO_Label=_DISPLAY_ON_OFF
PC4.Locked=true
PC4.Signal=GPIO_Output
PC5.GPIOParameters=GPIO_Label
PC5.GPIO_Label=_EXT_MEMORY_DQS
PC5.Locked=true
PC5.Mode=OCTOSPI1_Port1_DQS
PC5.Signal=OCTOSPIM_P1_DQS
PC6.GPIOParameters=GPIO_Speed,GPIO_Label
PC6.GPIO_Label=_DISPLAY_LTDC_HSYNC
PC6.GPIO_Speed=GPIO_SPEED_FREQ_VERY_HIGH
PC6.Locked=true
PC6.Mode=RGB888
PC6.Signal=LTDC_HSYNC
PC7.GPIOParameters=GPIO_Speed,GPIO_Label
PC7.GPIO_Label=_DISPLAY_LTDC_G6
PC7.GPIO_Speed=GPIO_SPEED_FREQ_VERY_HIGH
PC7.Locked=true
PC7.Mode=RGB888
PC7.Signal=LTDC_G6
PC8.GPIOParameters=GPIO_Label
PC8.GPIO_Label=_DISPLAY_BACKLIGHT_PWM
PC8.Locked=true
PC8.Signal=S_TIM3_CH3
PC9.GPIOParameters=GPIO_Speed,GPIO_Label
PC9.GPIO_Label=_DISPLAY_LTDC_G3
PC9.GPIO_Speed=GPIO_SPEED_FREQ_VERY_HIGH
PC9.Locked=true
PC9.Mode=RGB888
PC9.Signal=LTDC_G3
PD0.GPIOParameters=GPIO_Speed,GPIO_Label
PD0.GPIO_Label=_DISPLAY_LTDC_B1
PD0.GPIO_Speed=GPIO_SPEED_FREQ_VERY_HIGH
PD0.Locked=true
PD0.Mode=RGB888
PD0.Signal=LTDC_B1
PD1.GPIOParameters=GPIO_Label
PD1.GPIO_Label=_MIDI_ANALOG_OUT
PD1.Locked=true
PD1.Mode=Asynchronous
PD1.Signal=UART4_TX
PD10.GPIOParameters=GPIO_Speed,GPIO_Label
PD10.GPIO_Label=_DISPLAY_LTDC_B3
PD10.GPIO_Speed=GPIO_SPEED_FREQ_VERY_HIGH
PD10.Locked=true
PD10.Mode=RGB888
PD10.Signal=LTDC_B3
PD11.GPIOParameters=GPIO_Label
PD11.GPIO_Label=GPIO_06
PD11.Signal=GPIO_Output
PD12.GPIOParameters=GPIO_Label
PD12.GPIO_Label=_EXT_MEMORY_A1
PD12.Locked=true
PD12.Mode=OCTOSPI1_IOL_Port1L
PD12.Signal=OCTOSPIM_P1_IO1
PD13.GPIOParameters=GPIO_PuPd,GPIO_Label
PD13.GPIO_Label=_DISPLAY_TOUCH_INTERRUPT
PD13.GPIO_PuPd=GPIO_PULLUP
PD13.Locked=true
PD13.Signal=GPXTI13
PD14.GPIOParameters=GPIO_Label,GPIO_ModeDefaultEXTI
PD14.GPIO_Label=_MECH_BUTTON_00
PD14.GPIO_ModeDefaultEXTI=GPIO_MODE_IT_RISING_FALLING
PD14.Locked=true
PD14.Signal=GPXTI14
PD15.GPIOParameters=GPIO_Label
PD15.GPIO_Label=_MECH_BUTTON_01
PD15.Locked=true
PD15.Signal=S_TIM4_CH4
PD2.GPIOParameters=GPIO_Speed,GPIO_Label
PD2.GPIO_Label=_DISPLAY_LTDC_B2
PD2.GPIO_Speed=GPIO_SPEED_FREQ_VERY_HIGH
PD2.Locked=true
PD2.Mode=RGB888
PD2.Signal=LTDC_B2
PD3.GPIOParameters=GPIO_Label
PD3.GPIO_Label=GPIO_18
PD3.Signal=GPIO_Output
PD4.GPIOParameters=GPIO_Label
PD4.GPIO_Label=GPIO_12
PD4.Signal=GPIO_Output
PD5.GPIOParameters=GPIO_Label
PD5.GPIO_Label=SERIAL_USR_TX
PD5.Mode=Asynchronous
PD5.Signal=USART2_TX
PD6.GPIOParameters=GPIO_Label
PD6.GPIO_Label=_CARD_SDMMC_CK
PD6.Locked=true
PD6.Mode=SD_4_bits_Wide_bus
PD6.Signal=SDMMC2_CK
PD7.GPIOParameters=GPIO_Label
PD7.GPIO_Label=_CARD_SDMMC_CMD
PD7.Locked=true
PD7.Mode=SD_4_bits_Wide_bus
PD7.Signal=SDMMC2_CMD
PD8.GPIOParameters=GPIO_Label
PD8.GPIO_Label=_SERIAL_DEBUG_TX
PD8.Locked=true
PD8.Mode=Asynchronous
PD8.Signal=USART3_TX
PD9.GPIOParameters=GPIO_Label
PD9.GPIO_Label=_SERIAL_DEBUG_RX
PD9.Locked=true
PD9.Mode=Asynchronous
PD9.Signal=USART3_RX
PE0.GPIOParameters=GPIO_Label
PE0.GPIO_Label=_IDC_SERIAL_00_RX
PE0.Locked=true
PE0.Mode=Asynchronous
PE0.Signal=UART8_RX
PE1.GPIOParameters=GPIO_Label
PE1.GPIO_Label=_IDC_SERIAL_00_TX
PE1.Locked=true
PE1.Mode=Asynchronous
PE1.Signal=UART8_TX
PE10.GPIOParameters=GPIO_Label
PE10.GPIO_Label=_EXT_MEMORY_A7
PE10.Locked=true
PE10.Mode=OCTOSPI1_IOH_Port1H
PE10.Signal=OCTOSPIM_P1_IO7
PE11.GPIOParameters=GPIO_Label
PE11.GPIO_Label=_ENCODER_00_B
PE11.Locked=true
PE11.Signal=S_TIM1_CH2
PE12.GPIOParameters=GPIO_Speed,GPIO_Label
PE12.GPIO_Label=_DISPLAY_LTDC_B4
PE12.GPIO_Speed=GPIO_SPEED_FREQ_VERY_HIGH
PE12.Locked=true
PE12.Mode=RGB888
PE12.Signal=LTDC_B4
PE13.GPIOParameters=GPIO_Speed,GPIO_Label
PE13.GPIO_Label=_DISPLAY_LTDC_DE
PE13.GPIO_Speed=GPIO_SPEED_FREQ_VERY_HIGH
PE13.Locked=true
PE13.Mode=RGB888
PE13.Signal=LTDC_DE
PE14.GPIOParameters=GPIO_Label
PE14.GPIO_Label=GPIO_17
PE14.Locked=true
PE14.Signal=GPIO_Output
PE15.GPIOParameters=GPIO_Speed,GPIO_Label
PE15.GPIO_Label=_DISPLAY_LTDC_R7
PE15.GPIO_Speed=GPIO_SPEED_FREQ_VERY_HIGH
PE15.Locked=true
PE15.Mode=RGB888
PE15.Signal=LTDC_R7
PE2.GPIOParameters=GPIO_Label
PE2.GPIO_Label=SPI_USR_SCK
PE2.Mode=Full_Duplex_Master
PE2.Signal=SPI4_SCK
PE3.GPIOParameters=GPIO_Speed,GPIO_Label
PE3.GPIO_Label=_AUDIO_CODEC_SAI_SD_OUT
PE3.GPIO_Speed=GPIO_SPEED_FREQ_LOW
PE3.Locked=true
PE3.Mode=SAI_B_MasterWithClock
PE3.Signal=SAI1_SD_B
PE4.GPIOParameters=GPIO_Label
PE4.GPIO_Label=SPI_USR_CS
PE4.Mode=NSS_Signal_Hard_Output
PE4.Signal=SPI4_NSS
PE5.GPIOParameters=GPIO_Label
PE5.GPIO_Label=SPI_USR_MISO
PE5.Mode=Full_Duplex_Master
PE5.Signal=SPI4_MISO
PE6.GPIOParameters=GPIO_Label
PE6.GPIO_Label=SPI_USR_MOSI
PE6.Mode=Full_Duplex_Master
PE6.Signal=SPI4_MOSI
PE7.GPIOParameters=GPIO_Label
PE7.GPIO_Label=_EXT_MEMORY_A4
PE7.Locked=true
PE7.Mode=OCTOSPI1_IOH_Port1H
PE7.Signal=OCTOSPIM_P1_IO4
PE8.GPIOParameters=GPIO_Label
PE8.GPIO_Label=_EXT_MEMORY_A5
PE8.Locked=true
PE8.Mode=OCTOSPI1_IOH_Port1H
PE8.Signal=OCTOSPIM_P1_IO5
PE9.GPIOParameters=GPIO_Label
PE9.GPIO_Label=_EXT_MEMORY_A6
PE9.Locked=true
PE9.Mode=OCTOSPI1_IOH_Port1H
PE9.Signal=OCTOSPIM_P1_IO6
PF0.GPIOParameters=GPIO_Label
PF0.GPIO_Label=GPIO_03_PWM
PF0.Mode=PWM Generation1 CH1
PF0.Signal=TIM23_CH1
PF1.GPIOParameters=GPIO_Label
PF1.GPIO_Label=GPIO_02_PWM
PF1.Signal=S_TIM23_CH2
PF10.GPIOParameters=GPIO_Label
PF10.GPIO_Label=_EXT_MEMORY_CLK
PF10.Locked=true
PF10.Mode=O1_P1_CLK
PF10.Signal=OCTOSPIM_P1_CLK
PF11.GPIOParameters=GPIO_Label
PF11.GPIO_Label=GPIO_05_ADC
PF11.Mode=IN2-Single-Ended
PF11.Signal=ADC1_INP2
PF12.GPIOParameters=GPIO_Label
PF12.GPIO_Label=_BUTTON_PROGRAMMER
PF12.Locked=true
PF12.Signal=S_TIM24_CH2
PF13.GPIOParameters=GPIO_Label
PF13.GPIO_Label=GPIO_04_ADC
PF13.Mode=IN2-Single-Ended
PF13.Signal=ADC2_INP2
PF14.GPIOParameters=GPIO_Label
PF14.GPIO_Label=_I2C_PERIPHERAL_SCL
PF14.Locked=true
PF14.Mode=I2C
PF14.Signal=I2C4_SCL
PF15.GPIOParameters=GPIO_Label
PF15.GPIO_Label=_I2C_PERIPHERAL_SDA
PF15.Locked=true
PF15.Mode=I2C
PF15.Signal=I2C4_SDA
PF2.GPIOParameters=GPIO_Label
PF2.GPIO_Label=GPIO_01_PWM
PF2.Signal=S_TIM23_CH3
PF3.GPIOParameters=GPIO_Label
PF3.GPIO_Label=GPIO_00_PWM
PF3.Signal=S_TIM23_CH4
PF4.GPIOParameters=GPIO_Label
PF4.GPIO_Label=GPIO_07
PF4.Signal=GPIO_Output
PF5.GPIOParameters=GPIO_Label
PF5.GPIO_Label=_ADC_USR
PF5.Locked=true
PF5.Mode=IN4-Single-Ended
PF5.Signal=ADC3_INP4
PF6.GPIOParameters=GPIO_Label
PF6.GPIO_Label=_EXT_MEMORY_A3
PF6.Locked=true
PF6.Mode=OCTOSPI1_IOL_Port1L
PF6.Signal=OCTOSPIM_P1_IO3
PF7.GPIOParameters=GPIO_Speed,GPIO_Label
PF7.GPIO_Label=_AUDIO_CODEC_SAI_MCLK
PF7.GPIO_Speed=GPIO_SPEED_FREQ_LOW
PF7.Locked=true
PF7.Mode=SAI_B_MasterWithClock
PF7.Signal=SAI1_MCLK_B
PF8.GPIOParameters=GPIO_Speed,GPIO_Label
PF8.GPIO_Label=_AUDIO_CODEC_SAI_SCK
PF8.GPIO_Speed=GPIO_SPEED_FREQ_LOW
PF8.Locked=true
PF8.Mode=SAI_B_MasterWithClock
PF8.Signal=SAI1_SCK_B
PF9.GPIOParameters=GPIO_Speed,GPIO_Label
PF9.GPIO_Label=_AUDIO_CODEC_SAI_FS
PF9.GPIO_Speed=GPIO_SPEED_FREQ_LOW
PF9.Locked=true
PF9.Mode=SAI_B_MasterWithClock
PF9.Signal=SAI1_FS_B
PG0.GPIOParameters=GPIO_Label
PG0.GPIO_Label=_IDC_SERIAL_01_RX
PG0.Locked=true
PG0.Mode=Asynchronous
PG0.Signal=UART9_RX
PG1.GPIOParameters=GPIO_Label
PG1.GPIO_Label=_IDC_SERIAL_01_TX
PG1.Locked=true
PG1.Mode=Asynchronous
PG1.Signal=UART9_TX
PG10.GPIOParameters=GPIO_Label
PG10.GPIO_Label=_CARD_SDMMC_D1
PG10.Locked=true
PG10.Mode=SD_4_bits_Wide_bus
PG10.Signal=SDMMC2_D1
PG11.GPIOParameters=GPIO_Label
PG11.GPIO_Label=_CARD_SDMMC_D2
PG11.Locked=true
PG11.Mode=SD_4_bits_Wide_bus
PG11.Signal=SDMMC2_D2
PG12.GPIOParameters=GPIO_Label
PG12.GPIO_Label=_CARD_SDMMC_D3
PG12.Locked=true
PG12.Mode=SD_4_bits_Wide_bus
PG12.Signal=SDMMC2_D3
PG13.GPIOParameters=GPIO_Speed,GPIO_Label
PG13.GPIO_Label=_DISPLAY_LTDC_R0
PG13.GPIO_Speed=GPIO_SPEED_FREQ_VERY_HIGH
PG13.Locked=true
PG13.Mode=RGB888
PG13.Signal=LTDC_R0
PG14.GPIOParameters=GPIO_Speed,GPIO_Label
PG14.GPIO_Label=_DISPLAY_LTDC_B0
PG14.GPIO_Speed=GPIO_SPEED_FREQ_VERY_HIGH
PG14.Locked=true
PG14.Mode=RGB888
PG14.Signal=LTDC_B0
PG15.GPIOParameters=GPIO_PuPd,GPIO_Label
PG15.GPIO_Label=_CARD_SDMMC_CHIP_DETECT
PG15.GPIO_PuPd=GPIO_PULLUP
PG15.Locked=true
PG15.Signal=GPIO_Input
PG2.GPIOParameters=GPIO_Label
PG2.GPIO_Label=GPIO_16
PG2.Signal=GPIO_Output
PG3.GPIOParameters=GPIO_Label
PG3.GPIO_Label=GPIO_15
PG3.Signal=GPIO_Output
PG4.GPIOParameters=GPIO_Label
PG4.GPIO_Label=GPIO_14
PG4.Signal=GPIO_Output
PG5.GPIOParameters=GPIO_Label
PG5.GPIO_Label=GPIO_13
PG5.Signal=GPIO_Output
PG6.GPIOParameters=GPIO_Label
PG6.GPIO_Label=_EXT_MEMORY_CHIP_SELECT
PG6.Locked=true
PG6.Mode=OCTOSPI1_Port1_NCS
PG6.Signal=OCTOSPIM_P1_NCS
PG7.GPIOParameters=GPIO_Speed,GPIO_Label
PG7.GPIO_Label=_DISPLAY_LTDC_CLK
PG7.GPIO_Speed=GPIO_SPEED_FREQ_VERY_HIGH
PG7.Locked=true
PG7.Mode=RGB888
PG7.Signal=LTDC_CLK
PG8.GPIOParameters=GPIO_Speed,GPIO_Label
PG8.GPIO_Label=_DISPLAY_LTDC_G7
PG8.GPIO_Speed=GPIO_SPEED_FREQ_VERY_HIGH
PG8.Locked=true
PG8.Mode=RGB888
PG8.Signal=LTDC_G7
PG9.GPIOParameters=GPIO_Label
PG9.GPIO_Label=_CARD_SDMMC_D0
PG9.Locked=true
PG9.Mode=SD_4_bits_Wide_bus
PG9.Signal=SDMMC2_D0
PH0-OSC_IN.GPIOParameters=GPIO_Label
PH0-OSC_IN.GPIO_Label=_RCC_OSC_IN
PH0-OSC_IN.Locked=true
PH0-OSC_IN.Mode=HSE-External-Oscillator
PH0-OSC_IN.Signal=RCC_OSC_IN
PH1-OSC_OUT.GPIOParameters=GPIO_Label
PH1-OSC_OUT.GPIO_Label=_RCC_OSC_OUT
PH1-OSC_OUT.Locked=true
PH1-OSC_OUT.Mode=HSE-External-Oscillator
PH1-OSC_OUT.Signal=RCC_OSC_OUT
PinOutPanel.RotationAngle=0
ProjectManager.AskForMigrate=true
ProjectManager.BackupPrevious=false
ProjectManager.CompilerOptimize=6
ProjectManager.ComputerToolchain=false
ProjectManager.CoupleFile=true
ProjectManager.CustomerFirmwarePackage=
ProjectManager.DefaultFWLocation=true
ProjectManager.DeletePrevious=true
ProjectManager.DeviceId=STM32H723ZGTx
ProjectManager.FirmwarePackage=STM32Cube FW_H7 V1.11.2
ProjectManager.FreePins=false
ProjectManager.HalAssertFull=false
ProjectManager.HeapSize=0x400
ProjectManager.KeepUserCode=true
ProjectManager.LastFirmware=true
ProjectManager.LibraryCopy=1
ProjectManager.MainLocation=Core/Src
ProjectManager.NoMain=true
ProjectManager.PreviousToolchain=STM32CubeIDE
ProjectManager.ProjectBuild=false
ProjectManager.ProjectFileName=KLST_PANDA-STM32H723ZGT-BSP.ioc
ProjectManager.ProjectName=KLST_PANDA-STM32H723ZGT-BSP
ProjectManager.ProjectStructure=
ProjectManager.RegisterCallBack=
ProjectManager.StackSize=0x800
ProjectManager.TargetToolchain=STM32CubeIDE
ProjectManager.ToolChainLocation=
ProjectManager.UAScriptAfterPath=
ProjectManager.UAScriptBeforePath=
ProjectManager.UnderRoot=true
ProjectManager.functionlistsort=1-SystemClock_Config-RCC-false-HAL-false,2-MX_GPIO_Init-GPIO-true-HAL-false,3-MX_DMA_Init-DMA-true-HAL-false,4-MX_I2C1_Init-I2C1-false-HAL-true,5-MX_I2C4_Init-I2C4-true-HAL-false,6-MX_TIM1_Init-TIM1-true-HAL-false,7-MX_TIM2_Init-TIM2-true-HAL-false,8-MX_USART2_UART_Init-USART2-false-HAL-true,9-MX_USART3_UART_Init-USART3-true-HAL-false,10-MX_ADC1_Init-ADC1-false-HAL-true,11-MX_ADC2_Init-ADC2-false-HAL-true,12-MX_ADC3_Init-ADC3-true-HAL-false,13-MX_TIM4_Init-TIM4-true-HAL-false,14-MX_TIM23_Init-TIM23-false-HAL-true,15-MX_LTDC_Init-LTDC-true-HAL-false,16-MX_DMA2D_Init-DMA2D-true-HAL-false,17-MX_TIM12_Init-TIM12-false-HAL-true,18-MX_TIM24_Init-TIM24-false-HAL-true,19-MX_UART8_Init-UART8-true-HAL-false,20-MX_UART9_Init-UART9-true-HAL-false,21-MX_FATFS_Init-FATFS-true-HAL-false,22-MX_SDMMC2_SD_Init-SDMMC2-true-HAL-false,23-MX_TIM3_Init-TIM3-true-HAL-false,24-MX_UART4_Init-UART4-true-HAL-false,25-MX_OCTOSPI1_Init-OCTOSPI1-true-HAL-false,26-MX_DAC1_Init-DAC1-true-HAL-false,27-MX_SAI1_Init-SAI1-true-HAL-false,28-MX_CRC_Init-CRC-true-HAL-false,29-MX_PDM2PCM_Init-PDM2PCM-true-HAL-false,30-MX_USB_HOST_Init-USB_HOST-true-HAL-false,31-MX_DFSDM1_Init-DFSDM1-false-HAL-true,32-MX_SPI4_Init-SPI4-false-HAL-true,0-MX_CORTEX_M7_Init-CORTEX_M7-false-HAL-true
RCC.ADCCLockSelection=RCC_ADCCLKSOURCE_CLKP
RCC.ADCFreq_Value=64000000
RCC.AHB12Freq_Value=275000000
RCC.AHB4Freq_Value=275000000
RCC.APB1Freq_Value=137500000
RCC.APB2Freq_Value=137500000
RCC.APB3Freq_Value=137500000
RCC.APB4Freq_Value=137500000
RCC.AXIClockFreq_Value=275000000
RCC.CECCLockSelection=RCC_CECCLKSOURCE_LSI
RCC.CECFreq_Value=32000
RCC.CKPERFreq_Value=64000000
RCC.CKPERSourceSelection=RCC_CLKPSOURCE_HSI
RCC.CSI_VALUE=4000000
RCC.CortexFreq_Value=550000000
RCC.Cortex_Div=SYSTICK_CLKSOURCE_HCLK
RCC.Cortex_DivARG=SystemCoreClock/1000
RCC.CpuClockFreq_Value=550000000
RCC.D1CPRE=RCC_SYSCLK_DIV1
RCC.D1CPREFreq_Value=550000000
RCC.D1PPRE=RCC_APB3_DIV2
RCC.D2PPRE1=RCC_APB1_DIV2
RCC.D2PPRE2=RCC_APB2_DIV2
RCC.D3PPRE=RCC_APB4_DIV2
RCC.DFSDMACLkFreq_Value=12288000
RCC.DFSDMCLockSelection=RCC_DFSDM1CLKSOURCE_D2PCLK1
RCC.DFSDMFreq_Value=137500000
RCC.DIVM1=8
RCC.DIVM2=2
RCC.DIVM3=10
RCC.DIVN1=275
RCC.DIVN2=75
RCC.DIVN3=192
RCC.DIVP1=1
RCC.DIVP1Freq_Value=550000000
RCC.DIVP2=48
RCC.DIVP2Freq_Value=12500000
RCC.DIVP3=25
RCC.DIVP3Freq_Value=12288000
RCC.DIVQ1=22
RCC.DIVQ1Freq_Value=25000000
RCC.DIVQ2Freq_Value=300000000
RCC.DIVQ3=8
RCC.DIVQ3Freq_Value=38400000
RCC.DIVR1=2
RCC.DIVR1Freq_Value=275000000
RCC.DIVR2Freq_Value=300000000
RCC.DIVR3=32
RCC.DIVR3Freq_Value=9600000
RCC.EXTERNAL_CLOCK_VALUE=12288000
RCC.EnbaleCSS=false
RCC.FDCANCLockSelection=RCC_FDCANCLKSOURCE_PLL
RCC.FDCANFreq_Value=25000000
RCC.FMCCLockSelection=RCC_FMCCLKSOURCE_D1HCLK
RCC.FMCFreq_Value=275000000
RCC.FamilyName=M
RCC.HCLK3ClockFreq_Value=275000000
RCC.HCLKFreq_Value=275000000
RCC.HPRE=RCC_HCLK_DIV2
RCC.HSE_VALUE=16000000
RCC.HSI48_VALUE=48000000
RCC.HSIDiv=RCC_PLLSAIDIVR_1
RCC.HSI_VALUE=64000000
RCC.I2C123CLockSelection=RCC_I2C1235CLKSOURCE_HSI
RCC.I2C123Freq_Value=64000000
RCC.I2C4Freq_Value=137500000
RCC.IPParameters=ADCCLockSelection,ADCFreq_Value,AHB12Freq_Value,AHB4Freq_Value,APB1Freq_Value,APB2Freq_Value,APB3Freq_Value,APB4Freq_Value,AXIClockFreq_Value,CECCLockSelection,CECFreq_Value,CKPERFreq_Value,CKPERSourceSelection,CSI_VALUE,CortexFreq_Value,Cortex_Div,Cortex_DivARG,CpuClockFreq_Value,D1CPRE,D1CPREFreq_Value,D1PPRE,D2PPRE1,D2PPRE2,D3PPRE,DFSDMACLkFreq_Value,DFSDMCLockSelection,DFSDMFreq_Value,DIVM1,DIVM2,DIVM3,DIVN1,DIVN2,DIVN3,DIVP1,DIVP1Freq_Value,DIVP2,DIVP2Freq_Value,DIVP3,DIVP3Freq_Value,DIVQ1,DIVQ1Freq_Value,DIVQ2Freq_Value,DIVQ3,DIVQ3Freq_Value,DIVR1,DIVR1Freq_Value,DIVR2Freq_Value,DIVR3,DIVR3Freq_Value,EXTERNAL_CLOCK_VALUE,EnbaleCSS,FDCANCLockSelection,FDCANFreq_Value,FMCCLockSelection,FMCFreq_Value,FamilyName,HCLK3ClockFreq_Value,HCLKFreq_Value,HPRE,HSE_VALUE,HSI48_VALUE,HSIDiv,HSI_VALUE,I2C123CLockSelection,I2C123Freq_Value,I2C4Freq_Value,LPTIM1CLockSelection,LPTIM1Freq_Value,LPTIM2CLockSelection,LPTIM2Freq_Value,LPTIM345CLockSelection,LPTIM345Freq_Value,LPUART1CLockSelection,LPUART1Freq_Value,LSI_VALUE,LTDCFreq_Value,MCO1PinFreq_Value,MCO2PinFreq_Value,PLL1_VCI_Range-AdvancedSettings,PLL1_VCO_SEL-AdvancedSettings,PLL2FRACN,PLL2_VCI_Range-AdvancedSettings,PLL2_VCO_SEL-AdvancedSettings,PLL3FRACN,PLL3_VCI_Range-AdvancedSettings,PLL3_VCO_SEL-AdvancedSettings,PLLFRACN,PLLSourceVirtual,QSPICLockSelection,QSPIFreq_Value,RCC_MCO1Source,RCC_MCO2Source,RCC_MCODiv1,RCC_MCODiv2,RCC_RTC_Clock_Source_FROM_HSE,RNGCLockSelection,RNGFreq_Value,RTCFreq_Value,SAI1CLockSelection,SAI1Freq_Value,SAI4ACLockSelection,SAI4AFreq_Value,SAI4BCLockSelection,SAI4BFreq_Value,SDMMCFreq_Value,SPDIFCLockSelection,SPDIFRXFreq_Value,SPI123CLockSelection,SPI123Freq_Value,SPI45Freq_Value,SPI6CLockSelection,SPI6Freq_Value,SWPCLockSelection,SWPMI1Freq_Value,SYSCLKFreq_VALUE,SYSCLKSource,Spi45ClockSelection,Tim1Mul,Tim1OutputFreq_Value,Tim2OutputFreq_Value,TraceFreq_Value,USART16CLockSelection,USART16Freq_Value,USART234578CLockSelection,USART234578Freq_Value,USBCLockSelection,USBFreq_Value,VCO1OutputFreq_Value,VCO2OutputFreq_Value,VCO3OutputFreq_Value,VCOInput1Freq_Value,VCOInput2Freq_Value,VCOInput3Freq_Value,WatchDogFreq_Value
RCC.LPTIM1CLockSelection=RCC_LPTIM1CLKSOURCE_D2PCLK1
RCC.LPTIM1Freq_Value=137500000
RCC.LPTIM2CLockSelection=RCC_LPTIM2CLKSOURCE_D3PCLK1
RCC.LPTIM2Freq_Value=137500000
RCC.LPTIM345CLockSelection=RCC_LPTIM345CLKSOURCE_D3PCLK1
RCC.LPTIM345Freq_Value=137500000
RCC.LPUART1CLockSelection=RCC_LPUART1CLKSOURCE_D3PCLK1
RCC.LPUART1Freq_Value=137500000
RCC.LSI_VALUE=32000
RCC.LTDCFreq_Value=9600000
RCC.MCO1PinFreq_Value=64000000
RCC.MCO2PinFreq_Value=550000000
RCC.PLL1_VCI_Range-AdvancedSettings=RCC_PLL1VCIRANGE_0
RCC.PLL1_VCO_SEL-AdvancedSettings=RCC_PLL1VCOMEDIUM
RCC.PLL2FRACN=0
RCC.PLL2_VCI_Range-AdvancedSettings=RCC_PLL2VCIRANGE_0
RCC.PLL2_VCO_SEL-AdvancedSettings=RCC_PLL2VCOMEDIUM
RCC.PLL3FRACN=0
RCC.PLL3_VCI_Range-AdvancedSettings=RCC_PLL3VCIRANGE_0
RCC.PLL3_VCO_SEL-AdvancedSettings=RCC_PLL3VCOMEDIUM
RCC.PLLFRACN=0
RCC.PLLSourceVirtual=RCC_PLLSOURCE_HSE
RCC.QSPICLockSelection=RCC_OSPICLKSOURCE_PLL2
RCC.QSPIFreq_Value=300000000
RCC.RCC_MCO1Source=RCC_MCO1SOURCE_HSI
RCC.RCC_MCO2Source=RCC_MCO2SOURCE_SYSCLK
RCC.RCC_MCODiv1=RCC_MCODIV_1
RCC.RCC_MCODiv2=RCC_MCODIV_1
RCC.RCC_RTC_Clock_Source_FROM_HSE=RCC_RTCCLKSOURCE_HSE_DIV2
RCC.RNGCLockSelection=RCC_RNGCLKSOURCE_HSI48
RCC.RNGFreq_Value=48000000
RCC.RTCFreq_Value=32000
RCC.SAI1CLockSelection=RCC_SAI1CLKSOURCE_PLL3
RCC.SAI1Freq_Value=12288000
RCC.SAI4ACLockSelection=RCC_SAI4ACLKSOURCE_PLL3
RCC.SAI4AFreq_Value=12288000
RCC.SAI4BCLockSelection=RCC_SAI4BCLKSOURCE_PLL2
RCC.SAI4BFreq_Value=12500000
RCC.SDMMCFreq_Value=25000000
RCC.SPDIFCLockSelection=RCC_SPDIFRXCLKSOURCE_HSI
RCC.SPDIFRXFreq_Value=64000000
RCC.SPI123CLockSelection=RCC_SPI123CLKSOURCE_CLKP
RCC.SPI123Freq_Value=64000000
RCC.SPI45Freq_Value=137500000
RCC.SPI6CLockSelection=RCC_SPI6CLKSOURCE_D3PCLK1
RCC.SPI6Freq_Value=137500000
RCC.SWPCLockSelection=RCC_SWPMI1CLKSOURCE_D2PCLK1
RCC.SWPMI1Freq_Value=137500000
RCC.SYSCLKFreq_VALUE=550000000
RCC.SYSCLKSource=RCC_SYSCLKSOURCE_PLLCLK
RCC.Spi45ClockSelection=RCC_SPI45CLKSOURCE_D2PCLK1
RCC.Tim1Mul=1
RCC.Tim1OutputFreq_Value=137500000
RCC.Tim2OutputFreq_Value=275000000
RCC.TraceFreq_Value=275000000
RCC.USART16CLockSelection=RCC_USART16910CLKSOURCE_HSI
RCC.USART16Freq_Value=64000000
RCC.USART234578CLockSelection=RCC_USART234578CLKSOURCE_HSI
RCC.USART234578Freq_Value=64000000
RCC.USBCLockSelection=RCC_USBCLKSOURCE_HSI48
RCC.USBFreq_Value=48000000
RCC.VCO1OutputFreq_Value=550000000
RCC.VCO2OutputFreq_Value=600000000
RCC.VCO3OutputFreq_Value=307200000
RCC.VCOInput1Freq_Value=2000000
RCC.VCOInput2Freq_Value=8000000
RCC.VCOInput3Freq_Value=1600000
RCC.WatchDogFreq_Value=32000
SAI1.AudioFrequency-SAI_B_MasterWithClock=SAI_AUDIO_FREQUENCY_48K
SAI1.ErrorAudioFreq-SAI_B_MasterWithClock=0.0 %
SAI1.IPParameters=Instance-SAI_B_MasterWithClock,VirtualMode-SAI_B_MasterWithClock,MckOutput-SAI_B_MasterWithClock,RealAudioFreq-SAI_B_MasterWithClock,ErrorAudioFreq-SAI_B_MasterWithClock,Instance-SAI_A_SyncSlave,VirtualMode-SAI_A_SyncSlave,InitProtocol-SAI_B_MasterWithClock,VirtualProtocol-SAI_B_BASIC,InitProtocol-SAI_A_SyncSlave,VirtualProtocol-SAI_A_BASIC,AudioFrequency-SAI_B_MasterWithClock
SAI1.InitProtocol-SAI_A_SyncSlave=Enable
SAI1.InitProtocol-SAI_B_MasterWithClock=Enable
SAI1.Instance-SAI_A_SyncSlave=SAI$Index_Block_A
SAI1.Instance-SAI_B_MasterWithClock=SAI$Index_Block_B
SAI1.MckOutput-SAI_B_MasterWithClock=SAI_MCK_OUTPUT_ENABLE
SAI1.RealAudioFreq-SAI_B_MasterWithClock=48.0 KHz
SAI1.VirtualMode-SAI_A_SyncSlave=VM_SLAVE
SAI1.VirtualMode-SAI_B_MasterWithClock=VM_MASTER
SAI1.VirtualProtocol-SAI_A_BASIC=VM_BASIC_PROTOCOL
SAI1.VirtualProtocol-SAI_B_BASIC=VM_BASIC_PROTOCOL
SDMMC2.ClockEdge=SDMMC_CLOCK_EDGE_RISING
SDMMC2.IPParameters=ClockEdge
SH.COMP_DAC11_group.0=DAC1_OUT1,DAC_OUT1
SH.COMP_DAC11_group.ConfNb=1
SH.GPXTI13.0=GPIO_EXTI13
SH.GPXTI13.ConfNb=1
SH.GPXTI14.0=GPIO_EXTI14
SH.GPXTI14.ConfNb=1
SH.S_CKOUTDFSDM1.0=DFSDM1_CKOUT,PDM_SPI_Input_from_ch01_and_Internal_Clock
SH.S_CKOUTDFSDM1.1=DFSDM1_CKOUT,CKOUT
SH.S_CKOUTDFSDM1.2=DFSDM1_CKOUT,PDM_SPI_input_from_ch1_and_internal_clock
SH.S_CKOUTDFSDM1.ConfNb=3
SH.S_DATAIN1DFSDM1.0=DFSDM1_DATIN1,PDM_SPI_Input_from_ch01_and_Internal_Clock
SH.S_DATAIN1DFSDM1.1=DFSDM1_DATIN1,PDM_SPI_input_from_ch1_and_internal_clock
SH.S_DATAIN1DFSDM1.ConfNb=2
SH.S_TIM12_CH1.0=TIM12_CH1,PWM Generation1 CH1
SH.S_TIM12_CH1.ConfNb=1
SH.S_TIM12_CH2.0=TIM12_CH2,PWM Generation2 CH2
SH.S_TIM12_CH2.ConfNb=1
SH.S_TIM1_CH1.0=TIM1_CH1,Encoder_Interface
SH.S_TIM1_CH1.ConfNb=1
SH.S_TIM1_CH2.0=TIM1_CH2,Encoder_Interface
SH.S_TIM1_CH2.ConfNb=1
SH.S_TIM1_CH3.0=TIM1_CH3,Input_Capture3_from_TI3
SH.S_TIM1_CH3.ConfNb=1
SH.S_TIM23_CH2.0=TIM23_CH2,PWM Generation2 CH2
SH.S_TIM23_CH2.ConfNb=1
SH.S_TIM23_CH3.0=TIM23_CH3,PWM Generation3 CH3
SH.S_TIM23_CH3.ConfNb=1
SH.S_TIM23_CH4.0=TIM23_CH4,PWM Generation4 CH4
SH.S_TIM23_CH4.ConfNb=1
SH.S_TIM24_CH2.0=TIM24_CH2,Input_Capture2_from_TI2
SH.S_TIM24_CH2.ConfNb=1
SH.S_TIM2_CH1_ETR.0=TIM2_CH1,Encoder_Interface
SH.S_TIM2_CH1_ETR.ConfNb=1
SH.S_TIM2_CH2.0=TIM2_CH2,Encoder_Interface
SH.S_TIM2_CH2.ConfNb=1
SH.S_TIM2_CH4.0=TIM2_CH4,Input_Capture4_from_TI4
SH.S_TIM2_CH4.ConfNb=1
SH.S_TIM3_CH3.0=TIM3_CH3,PWM Generation3 CH3
SH.S_TIM3_CH3.ConfNb=1
SH.S_TIM4_CH4.0=TIM4_CH4,Input_Capture4_from_TI4
SH.S_TIM4_CH4.ConfNb=1
SPI4.CalculateBaudRate=68.75 MBits/s
SPI4.Direction=SPI_DIRECTION_2LINES
SPI4.IPParameters=VirtualType,Mode,Direction,CalculateBaudRate,VirtualNSS
SPI4.Mode=SPI_MODE_MASTER
SPI4.VirtualNSS=VM_NSSHARD
SPI4.VirtualType=VM_MASTER
TIM1.AutoReloadPreload=TIM_AUTORELOAD_PRELOAD_DISABLE
TIM1.Channel-Input_Capture3_from_TI3=TIM_CHANNEL_3
TIM1.EncoderMode=TIM_ENCODERMODE_TI12
TIM1.IC1Filter=10
TIM1.IC2Filter=10
TIM1.ICFilter_CH3=7
TIM1.ICPolarity_CH3=TIM_INPUTCHANNELPOLARITY_BOTHEDGE
TIM1.IPParameters=Channel-Input_Capture3_from_TI3,ICFilter_CH3,IC1Filter,IC2Filter,ICPolarity_CH3,EncoderMode,AutoReloadPreload
TIM12.Channel-PWM\ Generation1\ CH1=TIM_CHANNEL_1
TIM12.Channel-PWM\ Generation2\ CH2=TIM_CHANNEL_2
TIM12.IPParameters=Channel-PWM Generation1 CH1,Channel-PWM Generation2 CH2
TIM2.AutoReloadPreload=TIM_AUTORELOAD_PRELOAD_ENABLE
TIM2.Channel-Input_Capture4_from_TI4=TIM_CHANNEL_4
TIM2.EncoderMode=TIM_ENCODERMODE_TI12
TIM2.IC1Filter=10
TIM2.IC2Filter=10
TIM2.ICFilter_CH4=7
TIM2.ICPolarity_CH4=TIM_INPUTCHANNELPOLARITY_BOTHEDGE
TIM2.IPParameters=Channel-Input_Capture4_from_TI4,ICFilter_CH4,IC1Filter,IC2Filter,ICPolarity_CH4,AutoReloadPreload,EncoderMode
TIM23.Channel-PWM\ Generation1\ CH1=TIM_CHANNEL_1
TIM23.Channel-PWM\ Generation2\ CH2=TIM_CHANNEL_2
TIM23.Channel-PWM\ Generation3\ CH3=TIM_CHANNEL_3
TIM23.Channel-PWM\ Generation4\ CH4=TIM_CHANNEL_4
TIM23.IPParameters=Channel-PWM Generation1 CH1,Channel-PWM Generation2 CH2,Channel-PWM Generation3 CH3,Channel-PWM Generation4 CH4
TIM24.Channel-Input_Capture2_from_TI2=TIM_CHANNEL_2
TIM24.IPParameters=Channel-Input_Capture2_from_TI2
TIM3.Channel-PWM\ Generation3\ CH3=TIM_CHANNEL_3
TIM3.IPParameters=Channel-PWM Generation3 CH3,Pulse-PWM Generation3 CH3,Period
TIM3.Period=32768
TIM3.Pulse-PWM\ Generation3\ CH3=16383
TIM4.Channel-Input_Capture4_from_TI4=TIM_CHANNEL_4
TIM4.ICPolarity_CH4=TIM_INPUTCHANNELPOLARITY_BOTHEDGE
TIM4.IPParameters=Channel-Input_Capture4_from_TI4,ICPolarity_CH4
UART4.BaudRate=31250
UART4.IPParameters=BaudRate,WordLength,RxPinLevelInvertParam
UART4.RxPinLevelInvertParam=UART_ADVFEATURE_RXINV_DISABLE
UART4.WordLength=WORDLENGTH_8B
UART8.BaudRate=31250
UART8.FIFOMode=FIFOMODE_DISABLE
UART8.IPParameters=BaudRate,FIFOMode
UART9.BaudRate=31250
UART9.IPParameters=BaudRate
USART2.IPParameters=VirtualMode-Asynchronous
USART2.VirtualMode-Asynchronous=VM_ASYNC
USART3.IPParameters=VirtualMode-Asynchronous
USART3.VirtualMode-Asynchronous=VM_ASYNC
USB_HOST.BSP.number=1
USB_HOST.IPParameters=VirtualModeHS,USBH_HandleTypeDef,USBH_DEBUG_LEVEL
USB_HOST.USBH_DEBUG_LEVEL=3
USB_HOST.USBH_HandleTypeDef=hUsbHostHS
USB_HOST.VirtualModeHS=Hid
USB_HOST0.BSP.STBoard=false
USB_HOST0.BSP.api=Unknown
USB_HOST0.BSP.component=
USB_HOST0.BSP.condition=
USB_HOST0.BSP.instance=PC8
USB_HOST0.BSP.ip=GPIO
USB_HOST0.BSP.mode=Output
USB_HOST0.BSP.name=Drive_VBUS_HS
USB_HOST0.BSP.semaphore=
USB_HOST0.BSP.solution=PC8
USB_OTG_HS.IPParameters=VirtualMode-Host_FS
USB_OTG_HS.VirtualMode-Host_FS=Host_FS
VP_CRC_VS_CRC.Mode=CRC_Activate
VP_CRC_VS_CRC.Signal=CRC_VS_CRC
VP_DMA2D_VS_DMA2D.Mode=DMA2D_Activate
VP_DMA2D_VS_DMA2D.Signal=DMA2D_VS_DMA2D
VP_FATFS_VS_SDIO.Mode=SDIO
VP_FATFS_VS_SDIO.Signal=FATFS_VS_SDIO
VP_OCTOSPI1_VS_hyperbus.Mode=hyperbus_mode
VP_OCTOSPI1_VS_hyperbus.Signal=OCTOSPI1_VS_hyperbus
VP_PDM2PCM_VS_PDM2PCM.Mode=PDM2PCM_Channel
VP_PDM2PCM_VS_PDM2PCM.Signal=PDM2PCM_VS_PDM2PCM
VP_SAI1_VP_$IpInstance_SAIA_SAI_BASIC.Mode=SAI_A_BASIC
VP_SAI1_VP_$IpInstance_SAIA_SAI_BASIC.Signal=SAI1_VP_$IpInstance_SAIA_SAI_BASIC
VP_SAI1_VP_$IpInstance_SAIB_SAI_BASIC.Mode=SAI_B_BASIC
VP_SAI1_VP_$IpInstance_SAIB_SAI_BASIC.Signal=SAI1_VP_$IpInstance_SAIB_SAI_BASIC
VP_SYS_VS_Systick.Mode=SysTick
VP_SYS_VS_Systick.Signal=SYS_VS_Systick
VP_USB_HOST_VS_USB_HOST_HID_HS.Mode=HID_HS
VP_USB_HOST_VS_USB_HOST_HID_HS.Signal=USB_HOST_VS_USB_HOST_HID_HS
board=custom
